{
  "name": "crondex",
  "version": "1.0.0",
  "lockfileVersion": 3,
  "requires": true,
  "packages": {
    "": {
      "name": "crondex",
      "version": "1.0.0",
      "license": "ISC",
      "dependencies": {
        "@connext/interfaces": "^2.0.5"
      }
    },
    "node_modules/@connext/interfaces": {
      "version": "2.0.5",
      "resolved": "https://registry.npmjs.org/@connext/interfaces/-/interfaces-2.0.5.tgz",
      "integrity": "sha512-b657mNb6z/kLGZMNhqDHJmYmPWa3QZYdtZ4TEjtrYe3289aO0dbRrMIEYd0fQVEtqNjPVl7YnwberfOmz1QehA=="
    }
  }
}
